
Microsoft Visual Studio Solution File, Format Version 12.00
# Visual Studio 15
VisualStudioVersion = 15.0.27130.2010
MinimumVisualStudioVersion = 10.0.40219.1
Project("{8BC9CEB8-8B4A-11D0-8D11-00A0C91BC942}") = "WMR_vrclient", "WMR_vrclient\WMR_vrclient.vcxproj", "{EA1F6AF3-8C9F-4286-AD33-C8092053448B}"
EndProject
Global
	GlobalSection(SolutionConfigurationPlatforms) = preSolution
		Debug|x64 = Debug|x64
		Debug|x86 = Debug|x86
		Release|x64 = Release|x64
		Release|x86 = Release|x86
	EndGlobalSection
	GlobalSection(ProjectConfigurationPlatforms) = postSolution
		{EA1F6AF3-8C9F-4286-AD33-C8092053448B}.Debug|x64.ActiveCfg = Debug|x64
		{EA1F6AF3-8C9F-4286-AD33-C8092053448B}.Debug|x64.Build.0 = Debug|x64
		{EA1F6AF3-8C9F-4286-AD33-C8092053448B}.Debug|x86.ActiveCfg = Debug|Win32
		{EA1F6AF3-8C9F-4286-AD33-C8092053448B}.Debug|x86.Build.0 = Debug|Win32
		{EA1F6AF3-8C9F-4286-AD33-C8092053448B}.Release|x64.ActiveCfg = Release|x64
		{EA1F6AF3-8C9F-4286-AD33-C8092053448B}.Release|x64.Build.0 = Release|x64
		{EA1F6AF3-8C9F-4286-AD33-C8092053448B}.Release|x86.ActiveCfg = Release|Win32
		{EA1F6AF3-8C9F-4286-AD33-C8092053448B}.Release|x86.Build.0 = Release|Win32
	EndGlobalSection
	GlobalSection(SolutionProperties) = preSolution
		HideSolutionNode = FALSE
	EndGlobalSection
	GlobalSection(ExtensibilityGlobals) = postSolution
		SolutionGuid = {9E36EA71-CFA3-4B28-A47F-C87DC2E6FCB1}
	EndGlobalSection
EndGlobal
